
Microsoft Visual Studio Solution File, Format Version 12.00
# Visual Studio Version 16
VisualStudioVersion = 16.0.810.14
MinimumVisualStudioVersion = 10.0.40219.1
Project("{FAE04EC0-301F-11D3-BF4B-00C04F79EFBC}") = "dotNetPractice", "dotNetPractice\dotNetPractice.csproj", "{4E0DCDBB-FFF0-4BC5-81BF-8A4B3AE8DC48}"
EndProject
Global
	GlobalSection(SolutionConfigurationPlatforms) = preSolution
		Debug|Any CPU = Debug|Any CPU
		Release|Any CPU = Release|Any CPU
	EndGlobalSection
	GlobalSection(ProjectConfigurationPlatforms) = postSolution
		{4E0DCDBB-FFF0-4BC5-81BF-8A4B3AE8DC48}.Debug|Any CPU.ActiveCfg = Debug|Any CPU
		{4E0DCDBB-FFF0-4BC5-81BF-8A4B3AE8DC48}.Debug|Any CPU.Build.0 = Debug|Any CPU
		{4E0DCDBB-FFF0-4BC5-81BF-8A4B3AE8DC48}.Release|Any CPU.ActiveCfg = Release|Any CPU
		{4E0DCDBB-FFF0-4BC5-81BF-8A4B3AE8DC48}.Release|Any CPU.Build.0 = Release|Any CPU
	EndGlobalSection
	GlobalSection(SolutionProperties) = preSolution
		HideSolutionNode = FALSE
	EndGlobalSection
	GlobalSection(ExtensibilityGlobals) = postSolution
		SolutionGuid = {35DCB290-CD24-4716-85D2-E31B899D08E3}
	EndGlobalSection
EndGlobal
